
Microsoft Visual Studio Solution File, Format Version 12.00
# Visual Studio Version 16
VisualStudioVersion = 16.0.29009.5
MinimumVisualStudioVersion = 10.0.40219.1
Project("{FAE04EC0-301F-11D3-BF4B-00C04F79EFBC}") = "Lab3", "Lab3\Lab3.csproj", "{7C5427B7-CD3E-4207-9EB9-01654FE275D2}"
EndProject
Global
	GlobalSection(SolutionConfigurationPlatforms) = preSolution
		Debug|Any CPU = Debug|Any CPU
		Release|Any CPU = Release|Any CPU
	EndGlobalSection
	GlobalSection(ProjectConfigurationPlatforms) = postSolution
		{7C5427B7-CD3E-4207-9EB9-01654FE275D2}.Debug|Any CPU.ActiveCfg = Debug|Any CPU
		{7C5427B7-CD3E-4207-9EB9-01654FE275D2}.Debug|Any CPU.Build.0 = Debug|Any CPU
		{7C5427B7-CD3E-4207-9EB9-01654FE275D2}.Release|Any CPU.ActiveCfg = Release|Any CPU
		{7C5427B7-CD3E-4207-9EB9-01654FE275D2}.Release|Any CPU.Build.0 = Release|Any CPU
	EndGlobalSection
	GlobalSection(SolutionProperties) = preSolution
		HideSolutionNode = FALSE
	EndGlobalSection
	GlobalSection(ExtensibilityGlobals) = postSolution
		SolutionGuid = {6BA8CBC5-DD46-4CFB-83FD-32C8B11AECF9}
	EndGlobalSection
EndGlobal
